
Microsoft Visual Studio Solution File, Format Version 12.00
# Visual Studio Version 17
VisualStudioVersion = 17.13.35617.110 d17.13
MinimumVisualStudioVersion = 10.0.40219.1
Project("{FAE04EC0-301F-11D3-BF4B-00C04F79EFBC}") = "WebApplication1", "WebApplication1\WebApplication1.csproj", "{B04D89B6-3228-45AC-A769-80598A32ECF7}"
EndProject
Global
	GlobalSection(SolutionConfigurationPlatforms) = preSolution
		Debug|Any CPU = Debug|Any CPU
		Release|Any CPU = Release|Any CPU
	EndGlobalSection
	GlobalSection(ProjectConfigurationPlatforms) = postSolution
		{B04D89B6-3228-45AC-A769-80598A32ECF7}.Debug|Any CPU.ActiveCfg = Debug|Any CPU
		{B04D89B6-3228-45AC-A769-80598A32ECF7}.Debug|Any CPU.Build.0 = Debug|Any CPU
		{B04D89B6-3228-45AC-A769-80598A32ECF7}.Release|Any CPU.ActiveCfg = Release|Any CPU
		{B04D89B6-3228-45AC-A769-80598A32ECF7}.Release|Any CPU.Build.0 = Release|Any CPU
	EndGlobalSection
	GlobalSection(SolutionProperties) = preSolution
		HideSolutionNode = FALSE
	EndGlobalSection
	GlobalSection(ExtensibilityGlobals) = postSolution
		SolutionGuid = {AD185C5C-0079-4B39-941F-9D84E3DC1A91}
	EndGlobalSection
EndGlobal
